
Microsoft Visual Studio Solution File, Format Version 12.00
# Visual Studio Version 17
VisualStudioVersion = 17.4.33205.214
MinimumVisualStudioVersion = 10.0.40219.1
Project("{FAE04EC0-301F-11D3-BF4B-00C04F79EFBC}") = "QuanLyBaiXe", "QuanLyBaiXe\QuanLyBaiXe.csproj", "{F170D989-8BB5-4617-83C8-F1BD8777B02D}"
EndProject
Global
	GlobalSection(SolutionConfigurationPlatforms) = preSolution
		Debug|Any CPU = Debug|Any CPU
		Release|Any CPU = Release|Any CPU
	EndGlobalSection
	GlobalSection(ProjectConfigurationPlatforms) = postSolution
		{F170D989-8BB5-4617-83C8-F1BD8777B02D}.Debug|Any CPU.ActiveCfg = Debug|Any CPU
		{F170D989-8BB5-4617-83C8-F1BD8777B02D}.Debug|Any CPU.Build.0 = Debug|Any CPU
		{F170D989-8BB5-4617-83C8-F1BD8777B02D}.Release|Any CPU.ActiveCfg = Release|Any CPU
		{F170D989-8BB5-4617-83C8-F1BD8777B02D}.Release|Any CPU.Build.0 = Release|Any CPU
	EndGlobalSection
	GlobalSection(SolutionProperties) = preSolution
		HideSolutionNode = FALSE
	EndGlobalSection
	GlobalSection(ExtensibilityGlobals) = postSolution
		SolutionGuid = {41BE6928-D27A-41C2-B4F5-BA345E72DFDE}
	EndGlobalSection
EndGlobal
